
Microsoft Visual Studio Solution File, Format Version 12.00
# Visual Studio Version 17
VisualStudioVersion = 17.9.34728.123
MinimumVisualStudioVersion = 10.0.40219.1
Project("{8BC9CEB8-8B4A-11D0-8D11-00A0C91BC942}") = "FlashLogger", "FlashLogger\FlashLogger.vcxproj", "{C9C7F0E3-1A3C-4A1B-BBE0-C408991A7AB0}"
EndProject
Project("{8BC9CEB8-8B4A-11D0-8D11-00A0C91BC942}") = "TestProject", "TestProject\TestProject.vcxproj", "{2107B3B1-DB57-4DCF-AE4D-BE032D1690DC}"
EndProject
Global
	GlobalSection(SolutionConfigurationPlatforms) = preSolution
		Debug|x64 = Debug|x64
		Debug|x86 = Debug|x86
		Release|x64 = Release|x64
		Release|x86 = Release|x86
	EndGlobalSection
	GlobalSection(ProjectConfigurationPlatforms) = postSolution
		{C9C7F0E3-1A3C-4A1B-BBE0-C408991A7AB0}.Debug|x64.ActiveCfg = Debug|x64
		{C9C7F0E3-1A3C-4A1B-BBE0-C408991A7AB0}.Debug|x64.Build.0 = Debug|x64
		{C9C7F0E3-1A3C-4A1B-BBE0-C408991A7AB0}.Debug|x86.ActiveCfg = Debug|Win32
		{C9C7F0E3-1A3C-4A1B-BBE0-C408991A7AB0}.Debug|x86.Build.0 = Debug|Win32
		{C9C7F0E3-1A3C-4A1B-BBE0-C408991A7AB0}.Release|x64.ActiveCfg = Release|x64
		{C9C7F0E3-1A3C-4A1B-BBE0-C408991A7AB0}.Release|x64.Build.0 = Release|x64
		{C9C7F0E3-1A3C-4A1B-BBE0-C408991A7AB0}.Release|x86.ActiveCfg = Release|Win32
		{C9C7F0E3-1A3C-4A1B-BBE0-C408991A7AB0}.Release|x86.Build.0 = Release|Win32
		{2107B3B1-DB57-4DCF-AE4D-BE032D1690DC}.Debug|x64.ActiveCfg = Debug|x64
		{2107B3B1-DB57-4DCF-AE4D-BE032D1690DC}.Debug|x64.Build.0 = Debug|x64
		{2107B3B1-DB57-4DCF-AE4D-BE032D1690DC}.Debug|x86.ActiveCfg = Debug|Win32
		{2107B3B1-DB57-4DCF-AE4D-BE032D1690DC}.Debug|x86.Build.0 = Debug|Win32
		{2107B3B1-DB57-4DCF-AE4D-BE032D1690DC}.Release|x64.ActiveCfg = Release|x64
		{2107B3B1-DB57-4DCF-AE4D-BE032D1690DC}.Release|x64.Build.0 = Release|x64
		{2107B3B1-DB57-4DCF-AE4D-BE032D1690DC}.Release|x86.ActiveCfg = Release|Win32
		{2107B3B1-DB57-4DCF-AE4D-BE032D1690DC}.Release|x86.Build.0 = Release|Win32
	EndGlobalSection
	GlobalSection(SolutionProperties) = preSolution
		HideSolutionNode = FALSE
	EndGlobalSection
	GlobalSection(ExtensibilityGlobals) = postSolution
		SolutionGuid = {F57460BC-FA4E-4C55-9E7B-7F5EA23B984B}
	EndGlobalSection
EndGlobal
